%{
  "pane": {:hex, :pane, "0.3.0", "7b028e2aa8f004b62a965de983d824ad20d94f3c9c82b2bb4a9cdcebeb9e7060", [:mix], [], "hexpm"},
  "scribe": {:hex, :scribe, "0.9.0", "f54838d3b93541a756aabd36a49173d2c847eda489a2bb43a356729537d4b9a8", [:mix], [{:pane, "~> 0.2", [hex: :pane, repo: "hexpm", optional: false]}], "hexpm"},
}
